// !$*UTF8*$!
{
	archiveVersion = 1;
	classes = {
	};
	objectVersion = 50;
	objects = {

/* Begin PBXBuildFile section */
		D5CB200623C8471900AB25BE /* AppDelegate.swift in Sources */ = {isa = PBXBuildFile; fileRef = D5CB200523C8471900AB25BE /* AppDelegate.swift */; };
		D5CB200823C8471900AB25BE /* SceneDelegate.swift in Sources */ = {isa = PBXBuildFile; fileRef = D5CB200723C8471900AB25BE /* SceneDelegate.swift */; };
		D5CB200A23C8471900AB25BE /* ViewController.swift in Sources */ = {isa = PBXBuildFile; fileRef = D5CB200923C8471900AB25BE /* ViewController.swift */; };
		D5CB200D23C8471900AB25BE /* Main.storyboard in Resources */ = {isa = PBXBuildFile; fileRef = D5CB200B23C8471900AB25BE /* Main.storyboard */; };
		D5CB200F23C8471F00AB25BE /* Assets.xcassets in Resources */ = {isa = PBXBuildFile; fileRef = D5CB200E23C8471F00AB25BE /* Assets.xcassets */; };
		D5CB201223C8471F00AB25BE /* LaunchScreen.storyboard in Resources */ = {isa = PBXBuildFile; fileRef = D5CB201023C8471F00AB25BE /* LaunchScreen.storyboard */; };
		D5CB201A23C8CD0600AB25BE /* WeeklyWeatherViewController.swift in Sources */ = {isa = PBXBuildFile; fileRef = D5CB201923C8CD0600AB25BE /* WeeklyWeatherViewController.swift */; };
		D5CB201C23D2207F00AB25BE /* RemainderViewController.swift in Sources */ = {isa = PBXBuildFile; fileRef = D5CB201B23D2207F00AB25BE /* RemainderViewController.swift */; };
/* End PBXBuildFile section */

/* Begin PBXFileReference section */
		D5CB200223C8471900AB25BE /* tenki-app.app */ = {isa = PBXFileReference; explicitFileType = wrapper.application; includeInIndex = 0; path = "tenki-app.app"; sourceTree = BUILT_PRODUCTS_DIR; };
		D5CB200523C8471900AB25BE /* AppDelegate.swift */ = {isa = PBXFileReference; lastKnownFileType = sourcecode.swift; path = AppDelegate.swift; sourceTree = "<group>"; };
		D5CB200723C8471900AB25BE /* SceneDelegate.swift */ = {isa = PBXFileReference; lastKnownFileType = sourcecode.swift; path = SceneDelegate.swift; sourceTree = "<group>"; };
		D5CB200923C8471900AB25BE /* ViewController.swift */ = {isa = PBXFileReference; lastKnownFileType = sourcecode.swift; path = ViewController.swift; sourceTree = "<group>"; };
		D5CB200C23C8471900AB25BE /* Base */ = {isa = PBXFileReference; lastKnownFileType = file.storyboard; name = Base; path = Base.lproj/Main.storyboard; sourceTree = "<group>"; };
		D5CB200E23C8471F00AB25BE /* Assets.xcassets */ = {isa = PBXFileReference; lastKnownFileType = folder.assetcatalog; path = Assets.xcassets; sourceTree = "<group>"; };
		D5CB201123C8471F00AB25BE /* Base */ = {isa = PBXFileReference; lastKnownFileType = file.storyboard; name = Base; path = Base.lproj/LaunchScreen.storyboard; sourceTree = "<group>"; };
		D5CB201323C8471F00AB25BE /* Info.plist */ = {isa = PBXFileReference; lastKnownFileType = text.plist.xml; path = Info.plist; sourceTree = "<group>"; };
		D5CB201923C8CD0600AB25BE /* WeeklyWeatherViewController.swift */ = {isa = PBXFileReference; lastKnownFileType = sourcecode.swift; path = WeeklyWeatherViewController.swift; sourceTree = "<group>"; };
		D5CB201B23D2207F00AB25BE /* RemainderViewController.swift */ = {isa = PBXFileReference; lastKnownFileType = sourcecode.swift; path = RemainderViewController.swift; sourceTree = "<group>"; };
/* End PBXFileReference section */

/* Begin PBXFrameworksBuildPhase section */
		D5CB1FFF23C8471900AB25BE /* Frameworks */ = {
			isa = PBXFrameworksBuildPhase;
			buildActionMask = 2147483647;
			files = (
			);
			runOnlyForDeploymentPostprocessing = 0;
		};
/* End PBXFrameworksBuildPhase section */

/* Begin PBXGroup section */
		D5CB1FF923C8471900AB25BE = {
			isa = PBXGroup;
			children = (
				D5CB200423C8471900AB25BE /* tenki-app */,
				D5CB200323C8471900AB25BE /* Products */,
			);
			sourceTree = "<group>";
		};
		D5CB200323C8471900AB25BE /* Products */ = {
			isa = PBXGroup;
			children = (
				D5CB200223C8471900AB25BE /* tenki-app.app */,
			);
			name = Products;
			sourceTree = "<group>";
		};
		D5CB200423C8471900AB25BE /* tenki-app */ = {
			isa = PBXGroup;
			children = (
				D5CB200523C8471900AB25BE /* AppDelegate.swift */,
				D5CB200723C8471900AB25BE /* SceneDelegate.swift */,
				D5CB200923C8471900AB25BE /* ViewController.swift */,
				D5CB201923C8CD0600AB25BE /* WeeklyWeatherViewController.swift */,
				D5CB200B23C8471900AB25BE /* Main.storyboard */,
				D5CB201B23D2207F00AB25BE /* RemainderViewController.swift */,
				D5CB200E23C8471F00AB25BE /* Assets.xcassets */,
				D5CB201023C8471F00AB25BE /* LaunchScreen.storyboard */,
				D5CB201323C8471F00AB25BE /* Info.plist */,
			);
			path = "tenki-app";
			sourceTree = "<group>";
		};
/* End PBXGroup section */

/* Begin PBXNativeTarget section */
		D5CB200123C8471900AB25BE /* tenki-app */ = {
			isa = PBXNativeTarget;
			buildConfigurationList = D5CB201623C8471F00AB25BE /* Build configuration list for PBXNativeTarget "tenki-app" */;
			buildPhases = (
				D5CB1FFE23C8471900AB25BE /* Sources */,
				D5CB1FFF23C8471900AB25BE /* Frameworks */,
				D5CB200023C8471900AB25BE /* Resources */,
			);
			buildRules = (
			);
			dependencies = (
			);
			name = "tenki-app";
			productName = "tenki-app";
			productReference = D5CB200223C8471900AB25BE /* tenki-app.app */;
			productType = "com.apple.product-type.application";
		};
/* End PBXNativeTarget section */

/* Begin PBXProject section */
		D5CB1FFA23C8471900AB25BE /* Project object */ = {
			isa = PBXProject;
			attributes = {
				LastSwiftUpdateCheck = 1120;
				LastUpgradeCheck = 1120;
				ORGANIZATIONNAME = "木村幸";
				TargetAttributes = {
					D5CB200123C8471900AB25BE = {
						CreatedOnToolsVersion = 11.2.1;
					};
				};
			};
			buildConfigurationList = D5CB1FFD23C8471900AB25BE /* Build configuration list for PBXProject "tenki-app" */;
			compatibilityVersion = "Xcode 9.3";
			developmentRegion = en;
			hasScannedForEncodings = 0;
			knownRegions = (
				en,
				Base,
			);
			mainGroup = D5CB1FF923C8471900AB25BE;
			productRefGroup = D5CB200323C8471900AB25BE /* Products */;
			projectDirPath = "";
			projectRoot = "";
			targets = (
				D5CB200123C8471900AB25BE /* tenki-app */,
			);
		};
/* End PBXProject section */

/* Begin PBXResourcesBuildPhase section */
		D5CB200023C8471900AB25BE /* Resources */ = {
			isa = PBXResourcesBuildPhase;
			buildActionMask = 2147483647;
			files = (
				D5CB201223C8471F00AB25BE /* LaunchScreen.storyboard in Resources */,
				D5CB200F23C8471F00AB25BE /* Assets.xcassets in Resources */,
				D5CB200D23C8471900AB25BE /* Main.storyboard in Resources */,
			);
			runOnlyForDeploymentPostprocessing = 0;
		};
/* End PBXResourcesBuildPhase section */

/* Begin PBXSourcesBuildPhase section */
		D5CB1FFE23C8471900AB25BE /* Sources */ = {
			isa = PBXSourcesBuildPhase;
			buildActionMask = 2147483647;
			files = (
				D5CB201A23C8CD0600AB25BE /* WeeklyWeatherViewController.swift in Sources */,
				D5CB201C23D2207F00AB25BE /* RemainderViewController.swift in Sources */,
				D5CB200A23C8471900AB25BE /* ViewController.swift in Sources */,
				D5CB200623C8471900AB25BE /* AppDelegate.swift in Sources */,
				D5CB200823C8471900AB25BE /* SceneDelegate.swift in Sources */,
			);
			runOnlyForDeploymentPostprocessing = 0;
		};
/* End PBXSourcesBuildPhase section */

/* Begin PBXVariantGroup section */
		D5CB200B23C8471900AB25BE /* Main.storyboard */ = {
			isa = PBXVariantGroup;
			children = (
				D5CB200C23C8471900AB25BE /* Base */,
			);
			name = Main.storyboard;
			sourceTree = "<group>";
		};
		D5CB201023C8471F00AB25BE /* LaunchScreen.storyboard */ = {
			isa = PBXVariantGroup;
			children = (
				D5CB201123C8471F00AB25BE /* Base */,
			);
			name = LaunchScreen.storyboard;
			sourceTree = "<group>";
		};
/* End PBXVariantGroup section */

/* Begin XCBuildConfiguration section */
		D5CB201423C8471F00AB25BE /* Debug */ = {
			isa = XCBuildConfiguration;
			buildSettings = {
				ALWAYS_SEARCH_USER_PATHS = NO;
				CLANG_ANALYZER_NONNULL = YES;
				CLANG_ANALYZER_NUMBER_OBJECT_CONVERSION = YES_AGGRESSIVE;
				CLANG_CXX_LANGUAGE_STANDARD = "gnu++14";
				CLANG_CXX_LIBRARY = "libc++";
				CLANG_ENABLE_MODULES = YES;
				CLANG_ENABLE_OBJC_ARC = YES;
				CLANG_ENABLE_OBJC_WEAK = YES;
				CLANG_WARN_BLOCK_CAPTURE_AUTORELEASING = YES;
				CLANG_WARN_BOOL_CONVERSION = YES;
				CLANG_WARN_COMMA = YES;
				CLANG_WARN_CONSTANT_CONVERSION = YES;
				CLANG_WARN_DEPRECATED_OBJC_IMPLEMENTATIONS = YES;
				CLANG_WARN_DIRECT_OBJC_ISA_USAGE = YES_ERROR;
				CLANG_WARN_DOCUMENTATION_COMMENTS = YES;
				CLANG_WARN_EMPTY_BODY = YES;
				CLANG_WARN_ENUM_CONVERSION = YES;
				CLANG_WARN_INFINITE_RECURSION = YES;
				CLANG_WARN_INT_CONVERSION = YES;
				CLANG_WARN_NON_LITERAL_NULL_CONVERSION = YES;
				CLANG_WARN_OBJC_IMPLICIT_RETAIN_SELF = YES;
				CLANG_WARN_OBJC_LITERAL_CONVERSION = YES;
				CLANG_WARN_OBJC_ROOT_CLASS = YES_ERROR;
				CLANG_WARN_RANGE_LOOP_ANALYSIS = YES;
				CLANG_WARN_STRICT_PROTOTYPES = YES;
				CLANG_WARN_SUSPICIOUS_MOVE = YES;
				CLANG_WARN_UNGUARDED_AVAILABILITY = YES_AGGRESSIVE;
				CLANG_WARN_UNREACHABLE_CODE = YES;
				CLANG_WARN__DUPLICATE_METHOD_MATCH = YES;
				COPY_PHASE_STRIP = NO;
				DEBUG_INFORMATION_FORMAT = dwarf;
				ENABLE_STRICT_OBJC_MSGSEND = YES;
				ENABLE_TESTABILITY = YES;
				GCC_C_LANGUAGE_STANDARD = gnu11;
				GCC_DYNAMIC_NO_PIC = NO;
				GCC_NO_COMMON_BLOCKS = YES;
				GCC_OPTIMIZATION_LEVEL = 0;
				GCC_PREPROCESSOR_DEFINITIONS = (
					"DEBUG=1",
					"$(inherited)",
				);
				GCC_WARN_64_TO_32_BIT_CONVERSION = YES;
				GCC_WARN_ABOUT_RETURN_TYPE = YES_ERROR;
				GCC_WARN_UNDECLARED_SELECTOR = YES;
				GCC_WARN_UNINITIALIZED_AUTOS = YES_AGGRESSIVE;
				GCC_WARN_UNUSED_FUNCTION = YES;
				GCC_WARN_UNUSED_VARIABLE = YES;
				IPHONEOS_DEPLOYMENT_TARGET = 13.2;
				MTL_ENABLE_DEBUG_INFO = INCLUDE_SOURCE;
				MTL_FAST_MATH = YES;
				ONLY_ACTIVE_ARCH = YES;
				SDKROOT = iphoneos;
				SWIFT_ACTIVE_COMPILATION_CONDITIONS = DEBUG;
				SWIFT_OPTIMIZATION_LEVEL = "-Onone";
			};
			name = Debug;
		};
		D5CB201523C8471F00AB25BE /* Release */ = {
			isa = XCBuildConfiguration;
			buildSettings = {
				ALWAYS_SEARCH_USER_PATHS = NO;
				CLANG_ANALYZER_NONNULL = YES;
				CLANG_ANALYZER_NUMBER_OBJECT_CONVERSION = YES_AGGRESSIVE;
				CLANG_CXX_LANGUAGE_STANDARD = "gnu++14";
				CLANG_CXX_LIBRARY = "libc++";
				CLANG_ENABLE_MODULES = YES;
				CLANG_ENABLE_OBJC_ARC = YES;
				CLANG_ENABLE_OBJC_WEAK = YES;
				CLANG_WARN_BLOCK_CAPTURE_AUTORELEASING = YES;
				CLANG_WARN_BOOL_CONVERSION = YES;
				CLANG_WARN_COMMA = YES;
				CLANG_WARN_CONSTANT_CONVERSION = YES;
				CLANG_WARN_DEPRECATED_OBJC_IMPLEMENTATIONS = YES;
				CLANG_WARN_DIRECT_OBJC_ISA_USAGE = YES_ERROR;
				CLANG_WARN_DOCUMENTATION_COMMENTS = YES;
				CLANG_WARN_EMPTY_BODY = YES;
				CLANG_WARN_ENUM_CONVERSION = YES;
				CLANG_WARN_INFINITE_RECURSION = YES;
				CLANG_WARN_INT_CONVERSION = YES;
				CLANG_WARN_NON_LITERAL_NULL_CONVERSION = YES;
				CLANG_WARN_OBJC_IMPLICIT_RETAIN_SELF = YES;
				CLANG_WARN_OBJC_LITERAL_CONVERSION = YES;
				CLANG_WARN_OBJC_ROOT_CLASS = YES_ERROR;
				CLANG_WARN_RANGE_LOOP_ANALYSIS = YES;
				CLANG_WARN_STRICT_PROTOTYPES = YES;
				CLANG_WARN_SUSPICIOUS_MOVE = YES;
				CLANG_WARN_UNGUARDED_AVAILABILITY = YES_AGGRESSIVE;
				CLANG_WARN_UNREACHABLE_CODE = YES;
				CLANG_WARN__DUPLICATE_METHOD_MATCH = YES;
				COPY_PHASE_STRIP = NO;
				DEBUG_INFORMATION_FORMAT = "dwarf-with-dsym";
				ENABLE_NS_ASSERTIONS = NO;
				ENABLE_STRICT_OBJC_MSGSEND = YES;
				GCC_C_LANGUAGE_STANDARD = gnu11;
				GCC_NO_COMMON_BLOCKS = YES;
				GCC_WARN_64_TO_32_BIT_CONVERSION = YES;
				GCC_WARN_ABOUT_RETURN_TYPE = YES_ERROR;
				GCC_WARN_UNDECLARED_SELECTOR = YES;
				GCC_WARN_UNINITIALIZED_AUTOS = YES_AGGRESSIVE;
				GCC_WARN_UNUSED_FUNCTION = YES;
				GCC_WARN_UNUSED_VARIABLE = YES;
				IPHONEOS_DEPLOYMENT_TARGET = 13.2;
				MTL_ENABLE_DEBUG_INFO = NO;
				MTL_FAST_MATH = YES;
				SDKROOT = iphoneos;
				SWIFT_COMPILATION_MODE = wholemodule;
				SWIFT_OPTIMIZATION_LEVEL = "-O";
				VALIDATE_PRODUCT = YES;
			};
			name = Release;
		};
		D5CB201723C8471F00AB25BE /* Debug */ = {
			isa = XCBuildConfiguration;
			buildSettings = {
				ASSETCATALOG_COMPILER_APPICON_NAME = AppIcon;
				CODE_SIGN_STYLE = Automatic;
				DEVELOPMENT_TEAM = 3S75GQ5795;
				INFOPLIST_FILE = "tenki-app/Info.plist";
				LD_RUNPATH_SEARCH_PATHS = (
					"$(inherited)",
					"@executable_path/Frameworks",
				);
				PRODUCT_BUNDLE_IDENTIFIER = "jp.ne.softbank.1021.miyu.miyu.tenki-app";
				PRODUCT_NAME = "$(TARGET_NAME)";
				SWIFT_VERSION = 5.0;
				TARGETED_DEVICE_FAMILY = "1,2";
			};
			name = Debug;
		};
		D5CB201823C8471F00AB25BE /* Release */ = {
			isa = XCBuildConfiguration;
			buildSettings = {
				ASSETCATALOG_COMPILER_APPICON_NAME = AppIcon;
				CODE_SIGN_STYLE = Automatic;
				DEVELOPMENT_TEAM = 3S75GQ5795;
				INFOPLIST_FILE = "tenki-app/Info.plist";
				LD_RUNPATH_SEARCH_PATHS = (
					"$(inherited)",
					"@executable_path/Frameworks",
				);
				PRODUCT_BUNDLE_IDENTIFIER = "jp.ne.softbank.1021.miyu.miyu.tenki-app";
				PRODUCT_NAME = "$(TARGET_NAME)";
				SWIFT_VERSION = 5.0;
				TARGETED_DEVICE_FAMILY = "1,2";
			};
			name = Release;
		};
/* End XCBuildConfiguration section */

/* Begin XCConfigurationList section */
		D5CB1FFD23C8471900AB25BE /* Build configuration list for PBXProject "tenki-app" */ = {
			isa = XCConfigurationList;
			buildConfigurations = (
				D5CB201423C8471F00AB25BE /* Debug */,
				D5CB201523C8471F00AB25BE /* Release */,
			);
			defaultConfigurationIsVisible = 0;
			defaultConfigurationName = Release;
		};
		D5CB201623C8471F00AB25BE /* Build configuration list for PBXNativeTarget "tenki-app" */ = {
			isa = XCConfigurationList;
			buildConfigurations = (
				D5CB201723C8471F00AB25BE /* Debug */,
				D5CB201823C8471F00AB25BE /* Release */,
			);
			defaultConfigurationIsVisible = 0;
			defaultConfigurationName = Release;
		};
/* End XCConfigurationList section */
	};
	rootObject = D5CB1FFA23C8471900AB25BE /* Project object */;
}
